
Microsoft Visual Studio Solution File, Format Version 12.00
# Visual Studio Version 17
VisualStudioVersion = 17.11.35327.3
MinimumVisualStudioVersion = 10.0.40219.1
Project("{2150E333-8FDC-42A3-9474-1A3956D46DE8}") = "Task0", "Task0", "{FD54C766-3C4B-4E02-BEEB-F10E0F7B625B}"
EndProject
Project("{FAE04EC0-301F-11D3-BF4B-00C04F79EFBC}") = "Tyuiu.AsharabzyanovaAR.Sprint3.Task0.V17", "Tyuiu.AsharabzyanovaAR.Sprint3.Task0.V17\Tyuiu.AsharabzyanovaAR.Sprint3.Task0.V17.csproj", "{92A9E1BD-7F98-4EBE-A5C0-6DE56016E141}"
EndProject
Project("{FAE04EC0-301F-11D3-BF4B-00C04F79EFBC}") = "Tyuiu.AsharabzyanovaAR.Sprint3.Task0.V17.Lib", "Tyuiu.AsharabzyanovaAR.Sprint3.Task0.V17.Lib\Tyuiu.AsharabzyanovaAR.Sprint3.Task0.V17.Lib.csproj", "{52537A49-39D3-41CF-83E7-2101A05449D3}"
EndProject
Project("{FAE04EC0-301F-11D3-BF4B-00C04F79EFBC}") = "Tyuiu.AsharabzyanovaAR.Sprint3.Task0.V17.Test", "Tyuiu.AsharabzyanovaAR.Sprint3.Task0.V17.Test\Tyuiu.AsharabzyanovaAR.Sprint3.Task0.V17.Test.csproj", "{A5A1BEDA-3A11-43C1-95E2-9583D7CF4050}"
EndProject
Project("{2150E333-8FDC-42A3-9474-1A3956D46DE8}") = "Task1", "Task1", "{F20B151B-1E18-4470-B4CB-E01F539CD4CF}"
EndProject
Project("{FAE04EC0-301F-11D3-BF4B-00C04F79EFBC}") = "Tyuiu.AsharabzyanovaAR.Sprint3.Task1.V16", "Tyuiu.AsharabzyanovaAR.Sprint3.Task1.V16\Tyuiu.AsharabzyanovaAR.Sprint3.Task1.V16.csproj", "{5A860CFD-0327-4895-9AF5-581D75D073A6}"
EndProject
Project("{FAE04EC0-301F-11D3-BF4B-00C04F79EFBC}") = "Tyuiu.AsharabzyanovaAR.Sprint3.Task1.V16.Lib", "Tyuiu.AsharabzyanovaAR.Sprint3.Task1.V16.Lib\Tyuiu.AsharabzyanovaAR.Sprint3.Task1.V16.Lib.csproj", "{CCF1548D-ABD2-40DB-B2E8-C2C48894D213}"
EndProject
Project("{FAE04EC0-301F-11D3-BF4B-00C04F79EFBC}") = "Tyuiu.AsharabzyanovaAR.Sprint3.Task1.V16.Test", "Tyuiu.AsharabzyanovaAR.Sprint3.Task1.V16.Test\Tyuiu.AsharabzyanovaAR.Sprint3.Task1.V16.Test.csproj", "{752D7C93-2D9B-43CE-9EEC-912002BADA43}"
EndProject
Project("{2150E333-8FDC-42A3-9474-1A3956D46DE8}") = "Task2", "Task2", "{077C88D8-5747-49CE-8250-D2E67A647A77}"
EndProject
Project("{FAE04EC0-301F-11D3-BF4B-00C04F79EFBC}") = "Tyuiu.AsharabzyanovaAR.Sprint3.Task2.V20", "Tyuiu.AsharabzyanovaAR.Sprint3.Task2.V20\Tyuiu.AsharabzyanovaAR.Sprint3.Task2.V20.csproj", "{394B1465-00C2-4436-91E7-5CAEEB9163D4}"
EndProject
Project("{FAE04EC0-301F-11D3-BF4B-00C04F79EFBC}") = "Tyuiu.AsharabzyanovaAR.Sprint3.Task2.V20.Lib", "Tyuiu.AsharabzyanovaAR.Sprint3.Task2.V20.Lib\Tyuiu.AsharabzyanovaAR.Sprint3.Task2.V20.Lib.csproj", "{9E6115DE-C14D-4659-9D63-7C03C28E80FB}"
EndProject
Project("{FAE04EC0-301F-11D3-BF4B-00C04F79EFBC}") = "Tyuiu.AsharabzyanovaAR.Sprint3.Task2.V20.Test", "Tyuiu.AsharabzyanovaAR.Sprint3.Task2.V20.Test\Tyuiu.AsharabzyanovaAR.Sprint3.Task2.V20.Test.csproj", "{F7EDD93A-E99F-49E1-87D7-D608DFF4A20E}"
EndProject
Project("{2150E333-8FDC-42A3-9474-1A3956D46DE8}") = "Task3", "Task3", "{B7E75901-A3C6-46D0-89BD-001DD0FAF370}"
EndProject
Project("{FAE04EC0-301F-11D3-BF4B-00C04F79EFBC}") = "Tyuiu.AsharabzyanovaAR.Sprint3.Task3.V2", "Tyuiu.AsharabzyanovaAR.Sprint3.Task3.V2\Tyuiu.AsharabzyanovaAR.Sprint3.Task3.V2.csproj", "{1164C21B-7925-4DC6-870C-EBB68E52EFB6}"
EndProject
Project("{FAE04EC0-301F-11D3-BF4B-00C04F79EFBC}") = "Tyuiu.AsharabzyanovaAR.Sprint3.Task3.V2.Lib", "Tyuiu.AsharabzyanovaAR.Sprint3.Task3.V2.Lib\Tyuiu.AsharabzyanovaAR.Sprint3.Task3.V2.Lib.csproj", "{EFB92FC6-760E-4396-A95D-485107E90D7B}"
EndProject
Project("{FAE04EC0-301F-11D3-BF4B-00C04F79EFBC}") = "Tyuiu.AsharabzyanovaAR.Sprint3.Task3.V2.Test", "Tyuiu.AsharabzyanovaAR.Sprint3.Task3.V2.Test\Tyuiu.AsharabzyanovaAR.Sprint3.Task3.V2.Test.csproj", "{4B06D848-C2F9-46F2-9884-600772C7BA1C}"
EndProject
Project("{2150E333-8FDC-42A3-9474-1A3956D46DE8}") = "Task4", "Task4", "{04D4748A-C6D6-45B9-A939-0CFF582D9C80}"
EndProject
Project("{FAE04EC0-301F-11D3-BF4B-00C04F79EFBC}") = "Tyuiu.AsharabzyanovaAR.Sprint3.Task4.V16", "Tyuiu.AsharabzyanovaAR.Sprint3.Task4.V16\Tyuiu.AsharabzyanovaAR.Sprint3.Task4.V16.csproj", "{567027FF-AA57-45A2-BFAB-F07985BEA09B}"
EndProject
Project("{FAE04EC0-301F-11D3-BF4B-00C04F79EFBC}") = "Tyuiu.AsharabzyanovaAR.Sprint3.Task4.V16.Lib", "Tyuiu.AsharabzyanovaAR.Sprint3.Task4.V16.Lib\Tyuiu.AsharabzyanovaAR.Sprint3.Task4.V16.Lib.csproj", "{8C3B9389-8E44-40DB-8CCD-6B218982B330}"
EndProject
Project("{FAE04EC0-301F-11D3-BF4B-00C04F79EFBC}") = "Tyuiu.AsharabzyanovaAR.Sprint3.Task4.V16.Test", "Tyuiu.AsharabzyanovaAR.Sprint3.Task4.V16.Test\Tyuiu.AsharabzyanovaAR.Sprint3.Task4.V16.Test.csproj", "{456E53A7-DCAC-4AB7-AEF7-3F73A751DB6B}"
EndProject
Global
	GlobalSection(SolutionConfigurationPlatforms) = preSolution
		Debug|Any CPU = Debug|Any CPU
		Release|Any CPU = Release|Any CPU
	EndGlobalSection
	GlobalSection(ProjectConfigurationPlatforms) = postSolution
		{92A9E1BD-7F98-4EBE-A5C0-6DE56016E141}.Debug|Any CPU.ActiveCfg = Debug|Any CPU
		{92A9E1BD-7F98-4EBE-A5C0-6DE56016E141}.Debug|Any CPU.Build.0 = Debug|Any CPU
		{92A9E1BD-7F98-4EBE-A5C0-6DE56016E141}.Release|Any CPU.ActiveCfg = Release|Any CPU
		{92A9E1BD-7F98-4EBE-A5C0-6DE56016E141}.Release|Any CPU.Build.0 = Release|Any CPU
		{52537A49-39D3-41CF-83E7-2101A05449D3}.Debug|Any CPU.ActiveCfg = Debug|Any CPU
		{52537A49-39D3-41CF-83E7-2101A05449D3}.Debug|Any CPU.Build.0 = Debug|Any CPU
		{52537A49-39D3-41CF-83E7-2101A05449D3}.Release|Any CPU.ActiveCfg = Release|Any CPU
		{52537A49-39D3-41CF-83E7-2101A05449D3}.Release|Any CPU.Build.0 = Release|Any CPU
		{A5A1BEDA-3A11-43C1-95E2-9583D7CF4050}.Debug|Any CPU.ActiveCfg = Debug|Any CPU
		{A5A1BEDA-3A11-43C1-95E2-9583D7CF4050}.Debug|Any CPU.Build.0 = Debug|Any CPU
		{A5A1BEDA-3A11-43C1-95E2-9583D7CF4050}.Release|Any CPU.ActiveCfg = Release|Any CPU
		{A5A1BEDA-3A11-43C1-95E2-9583D7CF4050}.Release|Any CPU.Build.0 = Release|Any CPU
		{5A860CFD-0327-4895-9AF5-581D75D073A6}.Debug|Any CPU.ActiveCfg = Debug|Any CPU
		{5A860CFD-0327-4895-9AF5-581D75D073A6}.Debug|Any CPU.Build.0 = Debug|Any CPU
		{5A860CFD-0327-4895-9AF5-581D75D073A6}.Release|Any CPU.ActiveCfg = Release|Any CPU
		{5A860CFD-0327-4895-9AF5-581D75D073A6}.Release|Any CPU.Build.0 = Release|Any CPU
		{CCF1548D-ABD2-40DB-B2E8-C2C48894D213}.Debug|Any CPU.ActiveCfg = Debug|Any CPU
		{CCF1548D-ABD2-40DB-B2E8-C2C48894D213}.Debug|Any CPU.Build.0 = Debug|Any CPU
		{CCF1548D-ABD2-40DB-B2E8-C2C48894D213}.Release|Any CPU.ActiveCfg = Release|Any CPU
		{CCF1548D-ABD2-40DB-B2E8-C2C48894D213}.Release|Any CPU.Build.0 = Release|Any CPU
		{752D7C93-2D9B-43CE-9EEC-912002BADA43}.Debug|Any CPU.ActiveCfg = Debug|Any CPU
		{752D7C93-2D9B-43CE-9EEC-912002BADA43}.Debug|Any CPU.Build.0 = Debug|Any CPU
		{752D7C93-2D9B-43CE-9EEC-912002BADA43}.Release|Any CPU.ActiveCfg = Release|Any CPU
		{752D7C93-2D9B-43CE-9EEC-912002BADA43}.Release|Any CPU.Build.0 = Release|Any CPU
		{394B1465-00C2-4436-91E7-5CAEEB9163D4}.Debug|Any CPU.ActiveCfg = Debug|Any CPU
		{394B1465-00C2-4436-91E7-5CAEEB9163D4}.Debug|Any CPU.Build.0 = Debug|Any CPU
		{394B1465-00C2-4436-91E7-5CAEEB9163D4}.Release|Any CPU.ActiveCfg = Release|Any CPU
		{394B1465-00C2-4436-91E7-5CAEEB9163D4}.Release|Any CPU.Build.0 = Release|Any CPU
		{9E6115DE-C14D-4659-9D63-7C03C28E80FB}.Debug|Any CPU.ActiveCfg = Debug|Any CPU
		{9E6115DE-C14D-4659-9D63-7C03C28E80FB}.Debug|Any CPU.Build.0 = Debug|Any CPU
		{9E6115DE-C14D-4659-9D63-7C03C28E80FB}.Release|Any CPU.ActiveCfg = Release|Any CPU
		{9E6115DE-C14D-4659-9D63-7C03C28E80FB}.Release|Any CPU.Build.0 = Release|Any CPU
		{F7EDD93A-E99F-49E1-87D7-D608DFF4A20E}.Debug|Any CPU.ActiveCfg = Debug|Any CPU
		{F7EDD93A-E99F-49E1-87D7-D608DFF4A20E}.Debug|Any CPU.Build.0 = Debug|Any CPU
		{F7EDD93A-E99F-49E1-87D7-D608DFF4A20E}.Release|Any CPU.ActiveCfg = Release|Any CPU
		{F7EDD93A-E99F-49E1-87D7-D608DFF4A20E}.Release|Any CPU.Build.0 = Release|Any CPU
		{1164C21B-7925-4DC6-870C-EBB68E52EFB6}.Debug|Any CPU.ActiveCfg = Debug|Any CPU
		{1164C21B-7925-4DC6-870C-EBB68E52EFB6}.Debug|Any CPU.Build.0 = Debug|Any CPU
		{1164C21B-7925-4DC6-870C-EBB68E52EFB6}.Release|Any CPU.ActiveCfg = Release|Any CPU
		{1164C21B-7925-4DC6-870C-EBB68E52EFB6}.Release|Any CPU.Build.0 = Release|Any CPU
		{EFB92FC6-760E-4396-A95D-485107E90D7B}.Debug|Any CPU.ActiveCfg = Debug|Any CPU
		{EFB92FC6-760E-4396-A95D-485107E90D7B}.Debug|Any CPU.Build.0 = Debug|Any CPU
		{EFB92FC6-760E-4396-A95D-485107E90D7B}.Release|Any CPU.ActiveCfg = Release|Any CPU
		{EFB92FC6-760E-4396-A95D-485107E90D7B}.Release|Any CPU.Build.0 = Release|Any CPU
		{4B06D848-C2F9-46F2-9884-600772C7BA1C}.Debug|Any CPU.ActiveCfg = Debug|Any CPU
		{4B06D848-C2F9-46F2-9884-600772C7BA1C}.Debug|Any CPU.Build.0 = Debug|Any CPU
		{4B06D848-C2F9-46F2-9884-600772C7BA1C}.Release|Any CPU.ActiveCfg = Release|Any CPU
		{4B06D848-C2F9-46F2-9884-600772C7BA1C}.Release|Any CPU.Build.0 = Release|Any CPU
		{567027FF-AA57-45A2-BFAB-F07985BEA09B}.Debug|Any CPU.ActiveCfg = Debug|Any CPU
		{567027FF-AA57-45A2-BFAB-F07985BEA09B}.Debug|Any CPU.Build.0 = Debug|Any CPU
		{567027FF-AA57-45A2-BFAB-F07985BEA09B}.Release|Any CPU.ActiveCfg = Release|Any CPU
		{567027FF-AA57-45A2-BFAB-F07985BEA09B}.Release|Any CPU.Build.0 = Release|Any CPU
		{8C3B9389-8E44-40DB-8CCD-6B218982B330}.Debug|Any CPU.ActiveCfg = Debug|Any CPU
		{8C3B9389-8E44-40DB-8CCD-6B218982B330}.Debug|Any CPU.Build.0 = Debug|Any CPU
		{8C3B9389-8E44-40DB-8CCD-6B218982B330}.Release|Any CPU.ActiveCfg = Release|Any CPU
		{8C3B9389-8E44-40DB-8CCD-6B218982B330}.Release|Any CPU.Build.0 = Release|Any CPU
		{456E53A7-DCAC-4AB7-AEF7-3F73A751DB6B}.Debug|Any CPU.ActiveCfg = Debug|Any CPU
		{456E53A7-DCAC-4AB7-AEF7-3F73A751DB6B}.Debug|Any CPU.Build.0 = Debug|Any CPU
		{456E53A7-DCAC-4AB7-AEF7-3F73A751DB6B}.Release|Any CPU.ActiveCfg = Release|Any CPU
		{456E53A7-DCAC-4AB7-AEF7-3F73A751DB6B}.Release|Any CPU.Build.0 = Release|Any CPU
	EndGlobalSection
	GlobalSection(SolutionProperties) = preSolution
		HideSolutionNode = FALSE
	EndGlobalSection
	GlobalSection(NestedProjects) = preSolution
		{92A9E1BD-7F98-4EBE-A5C0-6DE56016E141} = {FD54C766-3C4B-4E02-BEEB-F10E0F7B625B}
		{52537A49-39D3-41CF-83E7-2101A05449D3} = {FD54C766-3C4B-4E02-BEEB-F10E0F7B625B}
		{A5A1BEDA-3A11-43C1-95E2-9583D7CF4050} = {FD54C766-3C4B-4E02-BEEB-F10E0F7B625B}
		{5A860CFD-0327-4895-9AF5-581D75D073A6} = {F20B151B-1E18-4470-B4CB-E01F539CD4CF}
		{CCF1548D-ABD2-40DB-B2E8-C2C48894D213} = {F20B151B-1E18-4470-B4CB-E01F539CD4CF}
		{752D7C93-2D9B-43CE-9EEC-912002BADA43} = {F20B151B-1E18-4470-B4CB-E01F539CD4CF}
		{394B1465-00C2-4436-91E7-5CAEEB9163D4} = {077C88D8-5747-49CE-8250-D2E67A647A77}
		{9E6115DE-C14D-4659-9D63-7C03C28E80FB} = {077C88D8-5747-49CE-8250-D2E67A647A77}
		{F7EDD93A-E99F-49E1-87D7-D608DFF4A20E} = {077C88D8-5747-49CE-8250-D2E67A647A77}
		{1164C21B-7925-4DC6-870C-EBB68E52EFB6} = {B7E75901-A3C6-46D0-89BD-001DD0FAF370}
		{EFB92FC6-760E-4396-A95D-485107E90D7B} = {B7E75901-A3C6-46D0-89BD-001DD0FAF370}
		{4B06D848-C2F9-46F2-9884-600772C7BA1C} = {B7E75901-A3C6-46D0-89BD-001DD0FAF370}
		{567027FF-AA57-45A2-BFAB-F07985BEA09B} = {04D4748A-C6D6-45B9-A939-0CFF582D9C80}
		{8C3B9389-8E44-40DB-8CCD-6B218982B330} = {04D4748A-C6D6-45B9-A939-0CFF582D9C80}
		{456E53A7-DCAC-4AB7-AEF7-3F73A751DB6B} = {04D4748A-C6D6-45B9-A939-0CFF582D9C80}
	EndGlobalSection
	GlobalSection(ExtensibilityGlobals) = postSolution
		SolutionGuid = {53663BF4-5AAC-4D12-97D7-832C39B5D409}
	EndGlobalSection
EndGlobal
